// !$*UTF8*$!
{
	archiveVersion = 1;
	classes = {
	};
	objectVersion = 46;
	objects = {

/* Begin PBXBuildFile section */
		5ABD79961E68774100B5E1FF /* main.m in Sources */ = {isa = PBXBuildFile; fileRef = 5ABD79951E68774100B5E1FF /* main.m */; };
		5ABD79991E68774100B5E1FF /* AppDelegate.m in Sources */ = {isa = PBXBuildFile; fileRef = 5ABD79981E68774100B5E1FF /* AppDelegate.m */; };
		5ABD799C1E68774100B5E1FF /* ViewController.m in Sources */ = {isa = PBXBuildFile; fileRef = 5ABD799B1E68774100B5E1FF /* ViewController.m */; };
		5ABD799F1E68774100B5E1FF /* Main.storyboard in Resources */ = {isa = PBXBuildFile; fileRef = 5ABD799D1E68774100B5E1FF /* Main.storyboard */; };
		5ABD79A11E68774100B5E1FF /* Assets.xcassets in Resources */ = {isa = PBXBuildFile; fileRef = 5ABD79A01E68774100B5E1FF /* Assets.xcassets */; };
		5ABD79A41E68774100B5E1FF /* LaunchScreen.storyboard in Resources */ = {isa = PBXBuildFile; fileRef = 5ABD79A21E68774100B5E1FF /* LaunchScreen.storyboard */; };
		5ABD79AF1E68774100B5E1FF /* WebViewerTests.m in Sources */ = {isa = PBXBuildFile; fileRef = 5ABD79AE1E68774100B5E1FF /* WebViewerTests.m */; };
		5ABD79BA1E68774100B5E1FF /* WebViewerUITests.m in Sources */ = {isa = PBXBuildFile; fileRef = 5ABD79B91E68774100B5E1FF /* WebViewerUITests.m */; };
/* End PBXBuildFile section */

/* Begin PBXContainerItemProxy section */
		5ABD79AB1E68774100B5E1FF /* PBXContainerItemProxy */ = {
			isa = PBXContainerItemProxy;
			containerPortal = 5ABD79891E68774100B5E1FF /* Project object */;
			proxyType = 1;
			remoteGlobalIDString = 5ABD79901E68774100B5E1FF;
			remoteInfo = WebViewer;
		};
		5ABD79B61E68774100B5E1FF /* PBXContainerItemProxy */ = {
			isa = PBXContainerItemProxy;
			containerPortal = 5ABD79891E68774100B5E1FF /* Project object */;
			proxyType = 1;
			remoteGlobalIDString = 5ABD79901E68774100B5E1FF;
			remoteInfo = WebViewer;
		};
/* End PBXContainerItemProxy section */

/* Begin PBXFileReference section */
		5ABD79911E68774100B5E1FF /* WebViewer.app */ = {isa = PBXFileReference; explicitFileType = wrapper.application; includeInIndex = 0; path = WebViewer.app; sourceTree = BUILT_PRODUCTS_DIR; };
		5ABD79951E68774100B5E1FF /* main.m */ = {isa = PBXFileReference; lastKnownFileType = sourcecode.c.objc; path = main.m; sourceTree = "<group>"; };
		5ABD79971E68774100B5E1FF /* AppDelegate.h */ = {isa = PBXFileReference; lastKnownFileType = sourcecode.c.h; path = AppDelegate.h; sourceTree = "<group>"; };
		5ABD79981E68774100B5E1FF /* AppDelegate.m */ = {isa = PBXFileReference; lastKnownFileType = sourcecode.c.objc; path = AppDelegate.m; sourceTree = "<group>"; };
		5ABD799A1E68774100B5E1FF /* ViewController.h */ = {isa = PBXFileReference; lastKnownFileType = sourcecode.c.h; path = ViewController.h; sourceTree = "<group>"; };
		5ABD799B1E68774100B5E1FF /* ViewController.m */ = {isa = PBXFileReference; lastKnownFileType = sourcecode.c.objc; path = ViewController.m; sourceTree = "<group>"; };
		5ABD799E1E68774100B5E1FF /* Base */ = {isa = PBXFileReference; lastKnownFileType = file.storyboard; name = Base; path = Base.lproj/Main.storyboard; sourceTree = "<group>"; };
		5ABD79A01E68774100B5E1FF /* Assets.xcassets */ = {isa = PBXFileReference; lastKnownFileType = folder.assetcatalog; path = Assets.xcassets; sourceTree = "<group>"; };
		5ABD79A31E68774100B5E1FF /* Base */ = {isa = PBXFileReference; lastKnownFileType = file.storyboard; name = Base; path = Base.lproj/LaunchScreen.storyboard; sourceTree = "<group>"; };
		5ABD79A51E68774100B5E1FF /* Info.plist */ = {isa = PBXFileReference; lastKnownFileType = text.plist.xml; path = Info.plist; sourceTree = "<group>"; };
		5ABD79AA1E68774100B5E1FF /* WebViewerTests.xctest */ = {isa = PBXFileReference; explicitFileType = wrapper.cfbundle; includeInIndex = 0; path = WebViewerTests.xctest; sourceTree = BUILT_PRODUCTS_DIR; };
		5ABD79AE1E68774100B5E1FF /* WebViewerTests.m */ = {isa = PBXFileReference; lastKnownFileType = sourcecode.c.objc; path = WebViewerTests.m; sourceTree = "<group>"; };
		5ABD79B01E68774100B5E1FF /* Info.plist */ = {isa = PBXFileReference; lastKnownFileType = text.plist.xml; path = Info.plist; sourceTree = "<group>"; };
		5ABD79B51E68774100B5E1FF /* WebViewerUITests.xctest */ = {isa = PBXFileReference; explicitFileType = wrapper.cfbundle; includeInIndex = 0; path = WebViewerUITests.xctest; sourceTree = BUILT_PRODUCTS_DIR; };
		5ABD79B91E68774100B5E1FF /* WebViewerUITests.m */ = {isa = PBXFileReference; lastKnownFileType = sourcecode.c.objc; path = WebViewerUITests.m; sourceTree = "<group>"; };
		5ABD79BB1E68774100B5E1FF /* Info.plist */ = {isa = PBXFileReference; lastKnownFileType = text.plist.xml; path = Info.plist; sourceTree = "<group>"; };
/* End PBXFileReference section */

/* Begin PBXFrameworksBuildPhase section */
		5ABD798E1E68774100B5E1FF /* Frameworks */ = {
			isa = PBXFrameworksBuildPhase;
			buildActionMask = 2147483647;
			files = (
			);
			runOnlyForDeploymentPostprocessing = 0;
		};
		5ABD79A71E68774100B5E1FF /* Frameworks */ = {
			isa = PBXFrameworksBuildPhase;
			buildActionMask = 2147483647;
			files = (
			);
			runOnlyForDeploymentPostprocessing = 0;
		};
		5ABD79B21E68774100B5E1FF /* Frameworks */ = {
			isa = PBXFrameworksBuildPhase;
			buildActionMask = 2147483647;
			files = (
			);
			runOnlyForDeploymentPostprocessing = 0;
		};
/* End PBXFrameworksBuildPhase section */

/* Begin PBXGroup section */
		5ABD79881E68774100B5E1FF = {
			isa = PBXGroup;
			children = (
				5ABD79931E68774100B5E1FF /* WebViewer */,
				5ABD79AD1E68774100B5E1FF /* WebViewerTests */,
				5ABD79B81E68774100B5E1FF /* WebViewerUITests */,
				5ABD79921E68774100B5E1FF /* Products */,
			);
			sourceTree = "<group>";
		};
		5ABD79921E68774100B5E1FF /* Products */ = {
			isa = PBXGroup;
			children = (
				5ABD79911E68774100B5E1FF /* WebViewer.app */,
				5ABD79AA1E68774100B5E1FF /* WebViewerTests.xctest */,
				5ABD79B51E68774100B5E1FF /* WebViewerUITests.xctest */,
			);
			name = Products;
			sourceTree = "<group>";
		};
		5ABD79931E68774100B5E1FF /* WebViewer */ = {
			isa = PBXGroup;
			children = (
				5ABD79971E68774100B5E1FF /* AppDelegate.h */,
				5ABD79981E68774100B5E1FF /* AppDelegate.m */,
				5ABD799A1E68774100B5E1FF /* ViewController.h */,
				5ABD799B1E68774100B5E1FF /* ViewController.m */,
				5ABD799D1E68774100B5E1FF /* Main.storyboard */,
				5ABD79A01E68774100B5E1FF /* Assets.xcassets */,
				5ABD79A21E68774100B5E1FF /* LaunchScreen.storyboard */,
				5ABD79A51E68774100B5E1FF /* Info.plist */,
				5ABD79941E68774100B5E1FF /* Supporting Files */,
			);
			path = WebViewer;
			sourceTree = "<group>";
		};
		5ABD79941E68774100B5E1FF /* Supporting Files */ = {
			isa = PBXGroup;
			children = (
				5ABD79951E68774100B5E1FF /* main.m */,
			);
			name = "Supporting Files";
			sourceTree = "<group>";
		};
		5ABD79AD1E68774100B5E1FF /* WebViewerTests */ = {
			isa = PBXGroup;
			children = (
				5ABD79AE1E68774100B5E1FF /* WebViewerTests.m */,
				5ABD79B01E68774100B5E1FF /* Info.plist */,
			);
			path = WebViewerTests;
			sourceTree = "<group>";
		};
		5ABD79B81E68774100B5E1FF /* WebViewerUITests */ = {
			isa = PBXGroup;
			children = (
				5ABD79B91E68774100B5E1FF /* WebViewerUITests.m */,
				5ABD79BB1E68774100B5E1FF /* Info.plist */,
			);
			path = WebViewerUITests;
			sourceTree = "<group>";
		};
/* End PBXGroup section */

/* Begin PBXNativeTarget section */
		5ABD79901E68774100B5E1FF /* WebViewer */ = {
			isa = PBXNativeTarget;
			buildConfigurationList = 5ABD79BE1E68774100B5E1FF /* Build configuration list for PBXNativeTarget "WebViewer" */;
			buildPhases = (
				5ABD798D1E68774100B5E1FF /* Sources */,
				5ABD798E1E68774100B5E1FF /* Frameworks */,
				5ABD798F1E68774100B5E1FF /* Resources */,
			);
			buildRules = (
			);
			dependencies = (
			);
			name = WebViewer;
			productName = WebViewer;
			productReference = 5ABD79911E68774100B5E1FF /* WebViewer.app */;
			productType = "com.apple.product-type.application";
		};
		5ABD79A91E68774100B5E1FF /* WebViewerTests */ = {
			isa = PBXNativeTarget;
			buildConfigurationList = 5ABD79C11E68774100B5E1FF /* Build configuration list for PBXNativeTarget "WebViewerTests" */;
			buildPhases = (
				5ABD79A61E68774100B5E1FF /* Sources */,
				5ABD79A71E68774100B5E1FF /* Frameworks */,
				5ABD79A81E68774100B5E1FF /* Resources */,
			);
			buildRules = (
			);
			dependencies = (
				5ABD79AC1E68774100B5E1FF /* PBXTargetDependency */,
			);
			name = WebViewerTests;
			productName = WebViewerTests;
			productReference = 5ABD79AA1E68774100B5E1FF /* WebViewerTests.xctest */;
			productType = "com.apple.product-type.bundle.unit-test";
		};
		5ABD79B41E68774100B5E1FF /* WebViewerUITests */ = {
			isa = PBXNativeTarget;
			buildConfigurationList = 5ABD79C41E68774100B5E1FF /* Build configuration list for PBXNativeTarget "WebViewerUITests" */;
			buildPhases = (
				5ABD79B11E68774100B5E1FF /* Sources */,
				5ABD79B21E68774100B5E1FF /* Frameworks */,
				5ABD79B31E68774100B5E1FF /* Resources */,
			);
			buildRules = (
			);
			dependencies = (
				5ABD79B71E68774100B5E1FF /* PBXTargetDependency */,
			);
			name = WebViewerUITests;
			productName = WebViewerUITests;
			productReference = 5ABD79B51E68774100B5E1FF /* WebViewerUITests.xctest */;
			productType = "com.apple.product-type.bundle.ui-testing";
		};
/* End PBXNativeTarget section */

/* Begin PBXProject section */
		5ABD79891E68774100B5E1FF /* Project object */ = {
			isa = PBXProject;
			attributes = {
				LastUpgradeCheck = 0820;
				ORGANIZATIONNAME = "zach wick";
				TargetAttributes = {
					5ABD79901E68774100B5E1FF = {
						CreatedOnToolsVersion = 8.2.1;
						DevelopmentTeam = J8HFB56UPW;
						ProvisioningStyle = Automatic;
					};
					5ABD79A91E68774100B5E1FF = {
						CreatedOnToolsVersion = 8.2.1;
						DevelopmentTeam = J8HFB56UPW;
						ProvisioningStyle = Automatic;
						TestTargetID = 5ABD79901E68774100B5E1FF;
					};
					5ABD79B41E68774100B5E1FF = {
						CreatedOnToolsVersion = 8.2.1;
						DevelopmentTeam = J8HFB56UPW;
						ProvisioningStyle = Automatic;
						TestTargetID = 5ABD79901E68774100B5E1FF;
					};
				};
			};
			buildConfigurationList = 5ABD798C1E68774100B5E1FF /* Build configuration list for PBXProject "WebViewer" */;
			compatibilityVersion = "Xcode 3.2";
			developmentRegion = English;
			hasScannedForEncodings = 0;
			knownRegions = (
				en,
				Base,
			);
			mainGroup = 5ABD79881E68774100B5E1FF;
			productRefGroup = 5ABD79921E68774100B5E1FF /* Products */;
			projectDirPath = "";
			projectRoot = "";
			targets = (
				5ABD79901E68774100B5E1FF /* WebViewer */,
				5ABD79A91E68774100B5E1FF /* WebViewerTests */,
				5ABD79B41E68774100B5E1FF /* WebViewerUITests */,
			);
		};
/* End PBXProject section */

/* Begin PBXResourcesBuildPhase section */
		5ABD798F1E68774100B5E1FF /* Resources */ = {
			isa = PBXResourcesBuildPhase;
			buildActionMask = 2147483647;
			files = (
				5ABD79A41E68774100B5E1FF /* LaunchScreen.storyboard in Resources */,
				5ABD79A11E68774100B5E1FF /* Assets.xcassets in Resources */,
				5ABD799F1E68774100B5E1FF /* Main.storyboard in Resources */,
			);
			runOnlyForDeploymentPostprocessing = 0;
		};
		5ABD79A81E68774100B5E1FF /* Resources */ = {
			isa = PBXResourcesBuildPhase;
			buildActionMask = 2147483647;
			files = (
			);
			runOnlyForDeploymentPostprocessing = 0;
		};
		5ABD79B31E68774100B5E1FF /* Resources */ = {
			isa = PBXResourcesBuildPhase;
			buildActionMask = 2147483647;
			files = (
			);
			runOnlyForDeploymentPostprocessing = 0;
		};
/* End PBXResourcesBuildPhase section */

/* Begin PBXSourcesBuildPhase section */
		5ABD798D1E68774100B5E1FF /* Sources */ = {
			isa = PBXSourcesBuildPhase;
			buildActionMask = 2147483647;
			files = (
				5ABD799C1E68774100B5E1FF /* ViewController.m in Sources */,
				5ABD79991E68774100B5E1FF /* AppDelegate.m in Sources */,
				5ABD79961E68774100B5E1FF /* main.m in Sources */,
			);
			runOnlyForDeploymentPostprocessing = 0;
		};
		5ABD79A61E68774100B5E1FF /* Sources */ = {
			isa = PBXSourcesBuildPhase;
			buildActionMask = 2147483647;
			files = (
				5ABD79AF1E68774100B5E1FF /* WebViewerTests.m in Sources */,
			);
			runOnlyForDeploymentPostprocessing = 0;
		};
		5ABD79B11E68774100B5E1FF /* Sources */ = {
			isa = PBXSourcesBuildPhase;
			buildActionMask = 2147483647;
			files = (
				5ABD79BA1E68774100B5E1FF /* WebViewerUITests.m in Sources */,
			);
			runOnlyForDeploymentPostprocessing = 0;
		};
/* End PBXSourcesBuildPhase section */

/* Begin PBXTargetDependency section */
		5ABD79AC1E68774100B5E1FF /* PBXTargetDependency */ = {
			isa = PBXTargetDependency;
			target = 5ABD79901E68774100B5E1FF /* WebViewer */;
			targetProxy = 5ABD79AB1E68774100B5E1FF /* PBXContainerItemProxy */;
		};
		5ABD79B71E68774100B5E1FF /* PBXTargetDependency */ = {
			isa = PBXTargetDependency;
			target = 5ABD79901E68774100B5E1FF /* WebViewer */;
			targetProxy = 5ABD79B61E68774100B5E1FF /* PBXContainerItemProxy */;
		};
/* End PBXTargetDependency section */

/* Begin PBXVariantGroup section */
		5ABD799D1E68774100B5E1FF /* Main.storyboard */ = {
			isa = PBXVariantGroup;
			children = (
				5ABD799E1E68774100B5E1FF /* Base */,
			);
			name = Main.storyboard;
			sourceTree = "<group>";
		};
		5ABD79A21E68774100B5E1FF /* LaunchScreen.storyboard */ = {
			isa = PBXVariantGroup;
			children = (
				5ABD79A31E68774100B5E1FF /* Base */,
			);
			name = LaunchScreen.storyboard;
			sourceTree = "<group>";
		};
/* End PBXVariantGroup section */

/* Begin XCBuildConfiguration section */
		5ABD79BC1E68774100B5E1FF /* Debug */ = {
			isa = XCBuildConfiguration;
			buildSettings = {
				ALWAYS_SEARCH_USER_PATHS = NO;
				CLANG_ANALYZER_NONNULL = YES;
				CLANG_CXX_LANGUAGE_STANDARD = "gnu++0x";
				CLANG_CXX_LIBRARY = "libc++";
				CLANG_ENABLE_MODULES = YES;
				CLANG_ENABLE_OBJC_ARC = YES;
				CLANG_WARN_BOOL_CONVERSION = YES;
				CLANG_WARN_CONSTANT_CONVERSION = YES;
				CLANG_WARN_DIRECT_OBJC_ISA_USAGE = YES_ERROR;
				CLANG_WARN_DOCUMENTATION_COMMENTS = YES;
				CLANG_WARN_EMPTY_BODY = YES;
				CLANG_WARN_ENUM_CONVERSION = YES;
				CLANG_WARN_INFINITE_RECURSION = YES;
				CLANG_WARN_INT_CONVERSION = YES;
				CLANG_WARN_OBJC_ROOT_CLASS = YES_ERROR;
				CLANG_WARN_SUSPICIOUS_MOVE = YES;
				CLANG_WARN_UNREACHABLE_CODE = YES;
				CLANG_WARN__DUPLICATE_METHOD_MATCH = YES;
				"CODE_SIGN_IDENTITY[sdk=iphoneos*]" = "iPhone Developer";
				COPY_PHASE_STRIP = NO;
				DEBUG_INFORMATION_FORMAT = dwarf;
				ENABLE_STRICT_OBJC_MSGSEND = YES;
				ENABLE_TESTABILITY = YES;
				GCC_C_LANGUAGE_STANDARD = gnu99;
				GCC_DYNAMIC_NO_PIC = NO;
				GCC_NO_COMMON_BLOCKS = YES;
				GCC_OPTIMIZATION_LEVEL = 0;
				GCC_PREPROCESSOR_DEFINITIONS = (
					"DEBUG=1",
					"$(inherited)",
				);
				GCC_WARN_64_TO_32_BIT_CONVERSION = YES;
				GCC_WARN_ABOUT_RETURN_TYPE = YES_ERROR;
				GCC_WARN_UNDECLARED_SELECTOR = YES;
				GCC_WARN_UNINITIALIZED_AUTOS = YES_AGGRESSIVE;
				GCC_WARN_UNUSED_FUNCTION = YES;
				GCC_WARN_UNUSED_VARIABLE = YES;
				IPHONEOS_DEPLOYMENT_TARGET = 10.2;
				MTL_ENABLE_DEBUG_INFO = YES;
				ONLY_ACTIVE_ARCH = YES;
				SDKROOT = iphoneos;
				TARGETED_DEVICE_FAMILY = "1,2";
			};
			name = Debug;
		};
		5ABD79BD1E68774100B5E1FF /* Release */ = {
			isa = XCBuildConfiguration;
			buildSettings = {
				ALWAYS_SEARCH_USER_PATHS = NO;
				CLANG_ANALYZER_NONNULL = YES;
				CLANG_CXX_LANGUAGE_STANDARD = "gnu++0x";
				CLANG_CXX_LIBRARY = "libc++";
				CLANG_ENABLE_MODULES = YES;
				CLANG_ENABLE_OBJC_ARC = YES;
				CLANG_WARN_BOOL_CONVERSION = YES;
				CLANG_WARN_CONSTANT_CONVERSION = YES;
				CLANG_WARN_DIRECT_OBJC_ISA_USAGE = YES_ERROR;
				CLANG_WARN_DOCUMENTATION_COMMENTS = YES;
				CLANG_WARN_EMPTY_BODY = YES;
				CLANG_WARN_ENUM_CONVERSION = YES;
				CLANG_WARN_INFINITE_RECURSION = YES;
				CLANG_WARN_INT_CONVERSION = YES;
				CLANG_WARN_OBJC_ROOT_CLASS = YES_ERROR;
				CLANG_WARN_SUSPICIOUS_MOVE = YES;
				CLANG_WARN_UNREACHABLE_CODE = YES;
				CLANG_WARN__DUPLICATE_METHOD_MATCH = YES;
				"CODE_SIGN_IDENTITY[sdk=iphoneos*]" = "iPhone Developer";
				COPY_PHASE_STRIP = NO;
				DEBUG_INFORMATION_FORMAT = "dwarf-with-dsym";
				ENABLE_NS_ASSERTIONS = NO;
				ENABLE_STRICT_OBJC_MSGSEND = YES;
				GCC_C_LANGUAGE_STANDARD = gnu99;
				GCC_NO_COMMON_BLOCKS = YES;
				GCC_WARN_64_TO_32_BIT_CONVERSION = YES;
				GCC_WARN_ABOUT_RETURN_TYPE = YES_ERROR;
				GCC_WARN_UNDECLARED_SELECTOR = YES;
				GCC_WARN_UNINITIALIZED_AUTOS = YES_AGGRESSIVE;
				GCC_WARN_UNUSED_FUNCTION = YES;
				GCC_WARN_UNUSED_VARIABLE = YES;
				IPHONEOS_DEPLOYMENT_TARGET = 10.2;
				MTL_ENABLE_DEBUG_INFO = NO;
				SDKROOT = iphoneos;
				TARGETED_DEVICE_FAMILY = "1,2";
				VALIDATE_PRODUCT = YES;
			};
			name = Release;
		};
		5ABD79BF1E68774100B5E1FF /* Debug */ = {
			isa = XCBuildConfiguration;
			buildSettings = {
				ASSETCATALOG_COMPILER_APPICON_NAME = AppIcon;
				DEVELOPMENT_TEAM = J8HFB56UPW;
				INFOPLIST_FILE = WebViewer/Info.plist;
				LD_RUNPATH_SEARCH_PATHS = "$(inherited) @executable_path/Frameworks";
				PRODUCT_BUNDLE_IDENTIFIER = Stripe.WebViewer;
				PRODUCT_NAME = "$(TARGET_NAME)";
			};
			name = Debug;
		};
		5ABD79C01E68774100B5E1FF /* Release */ = {
			isa = XCBuildConfiguration;
			buildSettings = {
				ASSETCATALOG_COMPILER_APPICON_NAME = AppIcon;
				DEVELOPMENT_TEAM = J8HFB56UPW;
				INFOPLIST_FILE = WebViewer/Info.plist;
				LD_RUNPATH_SEARCH_PATHS = "$(inherited) @executable_path/Frameworks";
				PRODUCT_BUNDLE_IDENTIFIER = Stripe.WebViewer;
				PRODUCT_NAME = "$(TARGET_NAME)";
			};
			name = Release;
		};
		5ABD79C21E68774100B5E1FF /* Debug */ = {
			isa = XCBuildConfiguration;
			buildSettings = {
				BUNDLE_LOADER = "$(TEST_HOST)";
				DEVELOPMENT_TEAM = J8HFB56UPW;
				INFOPLIST_FILE = WebViewerTests/Info.plist;
				LD_RUNPATH_SEARCH_PATHS = "$(inherited) @executable_path/Frameworks @loader_path/Frameworks";
				PRODUCT_BUNDLE_IDENTIFIER = Stripe.WebViewerTests;
				PRODUCT_NAME = "$(TARGET_NAME)";
				TEST_HOST = "$(BUILT_PRODUCTS_DIR)/WebViewer.app/WebViewer";
			};
			name = Debug;
		};
		5ABD79C31E68774100B5E1FF /* Release */ = {
			isa = XCBuildConfiguration;
			buildSettings = {
				BUNDLE_LOADER = "$(TEST_HOST)";
				DEVELOPMENT_TEAM = J8HFB56UPW;
				INFOPLIST_FILE = WebViewerTests/Info.plist;
				LD_RUNPATH_SEARCH_PATHS = "$(inherited) @executable_path/Frameworks @loader_path/Frameworks";
				PRODUCT_BUNDLE_IDENTIFIER = Stripe.WebViewerTests;
				PRODUCT_NAME = "$(TARGET_NAME)";
				TEST_HOST = "$(BUILT_PRODUCTS_DIR)/WebViewer.app/WebViewer";
			};
			name = Release;
		};
		5ABD79C51E68774100B5E1FF /* Debug */ = {
			isa = XCBuildConfiguration;
			buildSettings = {
				DEVELOPMENT_TEAM = J8HFB56UPW;
				INFOPLIST_FILE = WebViewerUITests/Info.plist;
				LD_RUNPATH_SEARCH_PATHS = "$(inherited) @executable_path/Frameworks @loader_path/Frameworks";
				PRODUCT_BUNDLE_IDENTIFIER = Stripe.WebViewerUITests;
				PRODUCT_NAME = "$(TARGET_NAME)";
				TEST_TARGET_NAME = WebViewer;
			};
			name = Debug;
		};
		5ABD79C61E68774100B5E1FF /* Release */ = {
			isa = XCBuildConfiguration;
			buildSettings = {
				DEVELOPMENT_TEAM = J8HFB56UPW;
				INFOPLIST_FILE = WebViewerUITests/Info.plist;
				LD_RUNPATH_SEARCH_PATHS = "$(inherited) @executable_path/Frameworks @loader_path/Frameworks";
				PRODUCT_BUNDLE_IDENTIFIER = Stripe.WebViewerUITests;
				PRODUCT_NAME = "$(TARGET_NAME)";
				TEST_TARGET_NAME = WebViewer;
			};
			name = Release;
		};
/* End XCBuildConfiguration section */

/* Begin XCConfigurationList section */
		5ABD798C1E68774100B5E1FF /* Build configuration list for PBXProject "WebViewer" */ = {
			isa = XCConfigurationList;
			buildConfigurations = (
				5ABD79BC1E68774100B5E1FF /* Debug */,
				5ABD79BD1E68774100B5E1FF /* Release */,
			);
			defaultConfigurationIsVisible = 0;
			defaultConfigurationName = Release;
		};
		5ABD79BE1E68774100B5E1FF /* Build configuration list for PBXNativeTarget "WebViewer" */ = {
			isa = XCConfigurationList;
			buildConfigurations = (
				5ABD79BF1E68774100B5E1FF /* Debug */,
				5ABD79C01E68774100B5E1FF /* Release */,
			);
			defaultConfigurationIsVisible = 0;
		};
		5ABD79C11E68774100B5E1FF /* Build configuration list for PBXNativeTarget "WebViewerTests" */ = {
			isa = XCConfigurationList;
			buildConfigurations = (
				5ABD79C21E68774100B5E1FF /* Debug */,
				5ABD79C31E68774100B5E1FF /* Release */,
			);
			defaultConfigurationIsVisible = 0;
		};
		5ABD79C41E68774100B5E1FF /* Build configuration list for PBXNativeTarget "WebViewerUITests" */ = {
			isa = XCConfigurationList;
			buildConfigurations = (
				5ABD79C51E68774100B5E1FF /* Debug */,
				5ABD79C61E68774100B5E1FF /* Release */,
			);
			defaultConfigurationIsVisible = 0;
		};
/* End XCConfigurationList section */
	};
	rootObject = 5ABD79891E68774100B5E1FF /* Project object */;
}
